
Microsoft Visual Studio Solution File, Format Version 12.00
# Visual Studio Version 16
VisualStudioVersion = 16.0.31729.503
MinimumVisualStudioVersion = 10.0.40219.1
Project("{2150E333-8FDC-42A3-9474-1A3956D46DE8}") = "Services", "Services", "{581081BB-8FB9-4DE0-88B4-B339B85DDDCE}"
EndProject
Project("{2150E333-8FDC-42A3-9474-1A3956D46DE8}") = "Contact", "Contact", "{C4A311D4-0FBD-40EC-B838-96EAA017DA7F}"
EndProject
Project("{9A19103F-16F7-4668-BE54-9A1E7A4F7556}") = "CR.Contact.Application", "Services\Contact\CR.Contact.Application\CR.Contact.Application.csproj", "{AC810DE5-6047-4126-9981-4C9673FAC839}"
EndProject
Project("{9A19103F-16F7-4668-BE54-9A1E7A4F7556}") = "CR.Contact", "Services\Contact\CR.Contact\CR.Contact.csproj", "{0DD4292A-ADFC-4FA7-BCC6-549EE9D72C82}"
EndProject
Project("{2150E333-8FDC-42A3-9474-1A3956D46DE8}") = "Core", "Core", "{44ED4F5D-F78B-4092-8458-3F8CC9CD25F6}"
EndProject
Project("{9A19103F-16F7-4668-BE54-9A1E7A4F7556}") = "CR.Core", "Services\Core\CR.Core\CR.Core.csproj", "{57C5A530-F3F8-476B-B116-F3394B4976B7}"
EndProject
Project("{2150E333-8FDC-42A3-9474-1A3956D46DE8}") = "Report", "Report", "{13A8688B-1C3F-4CDF-BA7D-7229B6942DF6}"
EndProject
Project("{9A19103F-16F7-4668-BE54-9A1E7A4F7556}") = "CR.Report.Application", "Services\Report\CR.Report.Application\CR.Report.Application.csproj", "{5109C84A-6279-41F6-BA5B-7A20EA5E16D4}"
EndProject
Project("{9A19103F-16F7-4668-BE54-9A1E7A4F7556}") = "CR.Report", "Services\Report\CR.Report\CR.Report.csproj", "{953491AA-6F73-41DF-886E-6DB54F00A4C0}"
EndProject
Project("{9A19103F-16F7-4668-BE54-9A1E7A4F7556}") = "EventBus", "Services\Core\EventBus\EventBus.csproj", "{F191DC45-3752-4287-8E43-DC1BD197C943}"
EndProject
Project("{2150E333-8FDC-42A3-9474-1A3956D46DE8}") = "APIGateway", "APIGateway", "{3D9C43CD-B81E-4943-A165-4B7D5160357C}"
EndProject
Project("{9A19103F-16F7-4668-BE54-9A1E7A4F7556}") = "CR.Report.Test", "Services\Report\CR.Report.Test\CR.Report.Test.csproj", "{30A4EC78-879C-470E-B075-37932543DE51}"
EndProject
Project("{9A19103F-16F7-4668-BE54-9A1E7A4F7556}") = "CR.Contact.Test", "Services\Contact\CR.Contact.Test\CR.Contact.Test.csproj", "{0DDC0FC3-5D09-4C3C-BDE5-957375BDC442}"
EndProject
Project("{FAE04EC0-301F-11D3-BF4B-00C04F79EFBC}") = "Report.Aggregator", "APIGateway\Report.Aggregator\Report.Aggregator.csproj", "{49112D0E-A97D-4318-BD19-415F7A4F8310}"
EndProject
Global
	GlobalSection(SolutionConfigurationPlatforms) = preSolution
		Debug|Any CPU = Debug|Any CPU
		Release|Any CPU = Release|Any CPU
	EndGlobalSection
	GlobalSection(ProjectConfigurationPlatforms) = postSolution
		{AC810DE5-6047-4126-9981-4C9673FAC839}.Debug|Any CPU.ActiveCfg = Debug|Any CPU
		{AC810DE5-6047-4126-9981-4C9673FAC839}.Debug|Any CPU.Build.0 = Debug|Any CPU
		{AC810DE5-6047-4126-9981-4C9673FAC839}.Release|Any CPU.ActiveCfg = Release|Any CPU
		{AC810DE5-6047-4126-9981-4C9673FAC839}.Release|Any CPU.Build.0 = Release|Any CPU
		{0DD4292A-ADFC-4FA7-BCC6-549EE9D72C82}.Debug|Any CPU.ActiveCfg = Debug|Any CPU
		{0DD4292A-ADFC-4FA7-BCC6-549EE9D72C82}.Debug|Any CPU.Build.0 = Debug|Any CPU
		{0DD4292A-ADFC-4FA7-BCC6-549EE9D72C82}.Release|Any CPU.ActiveCfg = Release|Any CPU
		{0DD4292A-ADFC-4FA7-BCC6-549EE9D72C82}.Release|Any CPU.Build.0 = Release|Any CPU
		{57C5A530-F3F8-476B-B116-F3394B4976B7}.Debug|Any CPU.ActiveCfg = Debug|Any CPU
		{57C5A530-F3F8-476B-B116-F3394B4976B7}.Debug|Any CPU.Build.0 = Debug|Any CPU
		{57C5A530-F3F8-476B-B116-F3394B4976B7}.Release|Any CPU.ActiveCfg = Release|Any CPU
		{57C5A530-F3F8-476B-B116-F3394B4976B7}.Release|Any CPU.Build.0 = Release|Any CPU
		{5109C84A-6279-41F6-BA5B-7A20EA5E16D4}.Debug|Any CPU.ActiveCfg = Debug|Any CPU
		{5109C84A-6279-41F6-BA5B-7A20EA5E16D4}.Debug|Any CPU.Build.0 = Debug|Any CPU
		{5109C84A-6279-41F6-BA5B-7A20EA5E16D4}.Release|Any CPU.ActiveCfg = Release|Any CPU
		{5109C84A-6279-41F6-BA5B-7A20EA5E16D4}.Release|Any CPU.Build.0 = Release|Any CPU
		{953491AA-6F73-41DF-886E-6DB54F00A4C0}.Debug|Any CPU.ActiveCfg = Debug|Any CPU
		{953491AA-6F73-41DF-886E-6DB54F00A4C0}.Debug|Any CPU.Build.0 = Debug|Any CPU
		{953491AA-6F73-41DF-886E-6DB54F00A4C0}.Release|Any CPU.ActiveCfg = Release|Any CPU
		{953491AA-6F73-41DF-886E-6DB54F00A4C0}.Release|Any CPU.Build.0 = Release|Any CPU
		{F191DC45-3752-4287-8E43-DC1BD197C943}.Debug|Any CPU.ActiveCfg = Debug|Any CPU
		{F191DC45-3752-4287-8E43-DC1BD197C943}.Debug|Any CPU.Build.0 = Debug|Any CPU
		{F191DC45-3752-4287-8E43-DC1BD197C943}.Release|Any CPU.ActiveCfg = Release|Any CPU
		{F191DC45-3752-4287-8E43-DC1BD197C943}.Release|Any CPU.Build.0 = Release|Any CPU
		{30A4EC78-879C-470E-B075-37932543DE51}.Debug|Any CPU.ActiveCfg = Debug|Any CPU
		{30A4EC78-879C-470E-B075-37932543DE51}.Debug|Any CPU.Build.0 = Debug|Any CPU
		{30A4EC78-879C-470E-B075-37932543DE51}.Release|Any CPU.ActiveCfg = Release|Any CPU
		{30A4EC78-879C-470E-B075-37932543DE51}.Release|Any CPU.Build.0 = Release|Any CPU
		{0DDC0FC3-5D09-4C3C-BDE5-957375BDC442}.Debug|Any CPU.ActiveCfg = Debug|Any CPU
		{0DDC0FC3-5D09-4C3C-BDE5-957375BDC442}.Debug|Any CPU.Build.0 = Debug|Any CPU
		{0DDC0FC3-5D09-4C3C-BDE5-957375BDC442}.Release|Any CPU.ActiveCfg = Release|Any CPU
		{0DDC0FC3-5D09-4C3C-BDE5-957375BDC442}.Release|Any CPU.Build.0 = Release|Any CPU
		{49112D0E-A97D-4318-BD19-415F7A4F8310}.Debug|Any CPU.ActiveCfg = Debug|Any CPU
		{49112D0E-A97D-4318-BD19-415F7A4F8310}.Debug|Any CPU.Build.0 = Debug|Any CPU
		{49112D0E-A97D-4318-BD19-415F7A4F8310}.Release|Any CPU.ActiveCfg = Release|Any CPU
		{49112D0E-A97D-4318-BD19-415F7A4F8310}.Release|Any CPU.Build.0 = Release|Any CPU
	EndGlobalSection
	GlobalSection(SolutionProperties) = preSolution
		HideSolutionNode = FALSE
	EndGlobalSection
	GlobalSection(NestedProjects) = preSolution
		{C4A311D4-0FBD-40EC-B838-96EAA017DA7F} = {581081BB-8FB9-4DE0-88B4-B339B85DDDCE}
		{AC810DE5-6047-4126-9981-4C9673FAC839} = {C4A311D4-0FBD-40EC-B838-96EAA017DA7F}
		{0DD4292A-ADFC-4FA7-BCC6-549EE9D72C82} = {C4A311D4-0FBD-40EC-B838-96EAA017DA7F}
		{44ED4F5D-F78B-4092-8458-3F8CC9CD25F6} = {581081BB-8FB9-4DE0-88B4-B339B85DDDCE}
		{57C5A530-F3F8-476B-B116-F3394B4976B7} = {44ED4F5D-F78B-4092-8458-3F8CC9CD25F6}
		{13A8688B-1C3F-4CDF-BA7D-7229B6942DF6} = {581081BB-8FB9-4DE0-88B4-B339B85DDDCE}
		{5109C84A-6279-41F6-BA5B-7A20EA5E16D4} = {13A8688B-1C3F-4CDF-BA7D-7229B6942DF6}
		{953491AA-6F73-41DF-886E-6DB54F00A4C0} = {13A8688B-1C3F-4CDF-BA7D-7229B6942DF6}
		{F191DC45-3752-4287-8E43-DC1BD197C943} = {44ED4F5D-F78B-4092-8458-3F8CC9CD25F6}
		{30A4EC78-879C-470E-B075-37932543DE51} = {13A8688B-1C3F-4CDF-BA7D-7229B6942DF6}
		{0DDC0FC3-5D09-4C3C-BDE5-957375BDC442} = {C4A311D4-0FBD-40EC-B838-96EAA017DA7F}
		{49112D0E-A97D-4318-BD19-415F7A4F8310} = {3D9C43CD-B81E-4943-A165-4B7D5160357C}
	EndGlobalSection
	GlobalSection(ExtensibilityGlobals) = postSolution
		SolutionGuid = {077F2D1A-E57E-43D4-8434-F53847B62C7B}
	EndGlobalSection
EndGlobal
